
Microsoft Visual Studio Solution File, Format Version 12.00
# Visual Studio 15
VisualStudioVersion = 15.0.28307.106
MinimumVisualStudioVersion = 10.0.40219.1
Project("{930C7802-8A8C-48F9-8165-68863BCCD9DD}") = "SetupProject", "SetupProject\SetupProject.wixproj", "{9E3C9BED-984A-420D-AFCC-151A1CB579D1}"
EndProject
Project("{930C7802-8A8C-48F9-8165-68863BCCD9DD}") = "Bootstrapper", "Bootstrapper\Bootstrapper.wixproj", "{BF043817-76A9-4696-A0E4-EEC59E8FB62C}"
EndProject
Project("{930C7802-8A8C-48F9-8165-68863BCCD9DD}") = "SetupProject2", "SetupProject2\SetupProject2.wixproj", "{4D0CC7DD-2852-44BA-9FD5-D6216868C411}"
EndProject
Project("{FAE04EC0-301F-11D3-BF4B-00C04F79EFBC}") = "CustomBootstrapperApplication", "CustomBootstrapperApplication\CustomBootstrapperApplication.csproj", "{DF980049-8F6A-4D71-BA9F-04BCE0BACBEC}"
EndProject
Project("{930C7802-8A8C-48F9-8165-68863BCCD9DD}") = "CustomBootstrapper", "CustomBootstrapper\CustomBootstrapper.wixproj", "{A521957B-8563-43CF-8830-E364B5FF2AF5}"
EndProject
Project("{FAE04EC0-301F-11D3-BF4B-00C04F79EFBC}") = "ProjectPack.BA", "BA\ProjectPack.BA.csproj", "{6A3E6800-2D0C-4B83-B096-DB52EB8D6340}"
EndProject
Project("{930C7802-8A8C-48F9-8165-68863BCCD9DD}") = "MyBootstrapper", "MyBootstrapper\MyBootstrapper.wixproj", "{EFBAF467-2CA2-4C07-A346-47A2E2D7A170}"
EndProject
Global
	GlobalSection(SolutionConfigurationPlatforms) = preSolution
		Debug|Any CPU = Debug|Any CPU
		Debug|x86 = Debug|x86
		Release|Any CPU = Release|Any CPU
		Release|x86 = Release|x86
	EndGlobalSection
	GlobalSection(ProjectConfigurationPlatforms) = postSolution
		{9E3C9BED-984A-420D-AFCC-151A1CB579D1}.Debug|Any CPU.ActiveCfg = Debug|x86
		{9E3C9BED-984A-420D-AFCC-151A1CB579D1}.Debug|x86.ActiveCfg = Debug|x86
		{9E3C9BED-984A-420D-AFCC-151A1CB579D1}.Debug|x86.Build.0 = Debug|x86
		{9E3C9BED-984A-420D-AFCC-151A1CB579D1}.Release|Any CPU.ActiveCfg = Release|x86
		{9E3C9BED-984A-420D-AFCC-151A1CB579D1}.Release|x86.ActiveCfg = Release|x86
		{9E3C9BED-984A-420D-AFCC-151A1CB579D1}.Release|x86.Build.0 = Release|x86
		{BF043817-76A9-4696-A0E4-EEC59E8FB62C}.Debug|Any CPU.ActiveCfg = Debug|x86
		{BF043817-76A9-4696-A0E4-EEC59E8FB62C}.Debug|x86.ActiveCfg = Debug|x86
		{BF043817-76A9-4696-A0E4-EEC59E8FB62C}.Debug|x86.Build.0 = Debug|x86
		{BF043817-76A9-4696-A0E4-EEC59E8FB62C}.Release|Any CPU.ActiveCfg = Release|x86
		{BF043817-76A9-4696-A0E4-EEC59E8FB62C}.Release|x86.ActiveCfg = Release|x86
		{BF043817-76A9-4696-A0E4-EEC59E8FB62C}.Release|x86.Build.0 = Release|x86
		{4D0CC7DD-2852-44BA-9FD5-D6216868C411}.Debug|Any CPU.ActiveCfg = Debug|x86
		{4D0CC7DD-2852-44BA-9FD5-D6216868C411}.Debug|x86.ActiveCfg = Debug|x86
		{4D0CC7DD-2852-44BA-9FD5-D6216868C411}.Debug|x86.Build.0 = Debug|x86
		{4D0CC7DD-2852-44BA-9FD5-D6216868C411}.Release|Any CPU.ActiveCfg = Release|x86
		{4D0CC7DD-2852-44BA-9FD5-D6216868C411}.Release|x86.ActiveCfg = Release|x86
		{4D0CC7DD-2852-44BA-9FD5-D6216868C411}.Release|x86.Build.0 = Release|x86
		{DF980049-8F6A-4D71-BA9F-04BCE0BACBEC}.Debug|Any CPU.ActiveCfg = Debug|Any CPU
		{DF980049-8F6A-4D71-BA9F-04BCE0BACBEC}.Debug|Any CPU.Build.0 = Debug|Any CPU
		{DF980049-8F6A-4D71-BA9F-04BCE0BACBEC}.Debug|x86.ActiveCfg = Debug|Any CPU
		{DF980049-8F6A-4D71-BA9F-04BCE0BACBEC}.Debug|x86.Build.0 = Debug|Any CPU
		{DF980049-8F6A-4D71-BA9F-04BCE0BACBEC}.Release|Any CPU.ActiveCfg = Release|Any CPU
		{DF980049-8F6A-4D71-BA9F-04BCE0BACBEC}.Release|Any CPU.Build.0 = Release|Any CPU
		{DF980049-8F6A-4D71-BA9F-04BCE0BACBEC}.Release|x86.ActiveCfg = Release|Any CPU
		{DF980049-8F6A-4D71-BA9F-04BCE0BACBEC}.Release|x86.Build.0 = Release|Any CPU
		{A521957B-8563-43CF-8830-E364B5FF2AF5}.Debug|Any CPU.ActiveCfg = Debug|x86
		{A521957B-8563-43CF-8830-E364B5FF2AF5}.Debug|x86.ActiveCfg = Debug|x86
		{A521957B-8563-43CF-8830-E364B5FF2AF5}.Debug|x86.Build.0 = Debug|x86
		{A521957B-8563-43CF-8830-E364B5FF2AF5}.Release|Any CPU.ActiveCfg = Release|x86
		{A521957B-8563-43CF-8830-E364B5FF2AF5}.Release|x86.ActiveCfg = Release|x86
		{A521957B-8563-43CF-8830-E364B5FF2AF5}.Release|x86.Build.0 = Release|x86
		{6A3E6800-2D0C-4B83-B096-DB52EB8D6340}.Debug|Any CPU.ActiveCfg = Debug|Any CPU
		{6A3E6800-2D0C-4B83-B096-DB52EB8D6340}.Debug|Any CPU.Build.0 = Debug|Any CPU
		{6A3E6800-2D0C-4B83-B096-DB52EB8D6340}.Debug|x86.ActiveCfg = Debug|Any CPU
		{6A3E6800-2D0C-4B83-B096-DB52EB8D6340}.Debug|x86.Build.0 = Debug|Any CPU
		{6A3E6800-2D0C-4B83-B096-DB52EB8D6340}.Release|Any CPU.ActiveCfg = Release|Any CPU
		{6A3E6800-2D0C-4B83-B096-DB52EB8D6340}.Release|Any CPU.Build.0 = Release|Any CPU
		{6A3E6800-2D0C-4B83-B096-DB52EB8D6340}.Release|x86.ActiveCfg = Release|Any CPU
		{6A3E6800-2D0C-4B83-B096-DB52EB8D6340}.Release|x86.Build.0 = Release|Any CPU
		{EFBAF467-2CA2-4C07-A346-47A2E2D7A170}.Debug|Any CPU.ActiveCfg = Debug|x86
		{EFBAF467-2CA2-4C07-A346-47A2E2D7A170}.Debug|x86.ActiveCfg = Debug|x86
		{EFBAF467-2CA2-4C07-A346-47A2E2D7A170}.Debug|x86.Build.0 = Debug|x86
		{EFBAF467-2CA2-4C07-A346-47A2E2D7A170}.Release|Any CPU.ActiveCfg = Release|x86
		{EFBAF467-2CA2-4C07-A346-47A2E2D7A170}.Release|x86.ActiveCfg = Release|x86
		{EFBAF467-2CA2-4C07-A346-47A2E2D7A170}.Release|x86.Build.0 = Release|x86
	EndGlobalSection
	GlobalSection(SolutionProperties) = preSolution
		HideSolutionNode = FALSE
	EndGlobalSection
	GlobalSection(ExtensibilityGlobals) = postSolution
		EnterpriseLibraryConfigurationToolBinariesPath = packages\Unity.2.1.505.0\lib\NET35
		SolutionGuid = {ED65E1FA-63F1-4908-9E20-7F37133E6DA9}
	EndGlobalSection
EndGlobal
